// !$*UTF8*$!
{
	archiveVersion = 1;
	classes = {
	};
	objectVersion = 51;
	objects = {

/* Begin PBXBuildFile section */
		1177C015B88E12BC82EA7649 /* SceneDelegate.swift in Sources */ = {isa = PBXBuildFile; fileRef = 2D23B89C423F7AE018C38A43 /* SceneDelegate.swift */; };
		12AB0B17A26BE0762348587E /* Pods_AnimalsTests.framework in Frameworks */ = {isa = PBXBuildFile; fileRef = 7E968B8380B6C2E2FE5B10C4 /* Pods_AnimalsTests.framework */; };
		217382F90C765533D15E613B /* AppDelegate.swift in Sources */ = {isa = PBXBuildFile; fileRef = 05AA64B36777DB324BE233C7 /* AppDelegate.swift */; };
		3AAAE182754692B110A3D4B8 /* ViewController.swift in Sources */ = {isa = PBXBuildFile; fileRef = 9FDD757400B32D2AD492E68B /* ViewController.swift */; };
		8B7650299AC20B4808256C59 /* AnimalsTests.swift in Sources */ = {isa = PBXBuildFile; fileRef = F4F54519405B1C8EEAB241FF /* AnimalsTests.swift */; };
		C0FC146756882A4014731157 /* Pods_Animals.framework in Frameworks */ = {isa = PBXBuildFile; fileRef = 4CA3D4268451402FE8760B00 /* Pods_Animals.framework */; };
		C638C7589862ACE807B20FEC /* Assets.xcassets in Resources */ = {isa = PBXBuildFile; fileRef = 491620F8F203C6454A69EEED /* Assets.xcassets */; };
		DCADBABBA1CCBEF2F5D30E15 /* LaunchScreen.storyboard in Resources */ = {isa = PBXBuildFile; fileRef = 29E9344772527C3C03758500 /* LaunchScreen.storyboard */; };
/* End PBXBuildFile section */

/* Begin PBXContainerItemProxy section */
		F3AEF0E9E0532AC6BDADDA99 /* PBXContainerItemProxy */ = {
			isa = PBXContainerItemProxy;
			containerPortal = 435028DB82451835881ECDE9 /* Project object */;
			proxyType = 1;
			remoteGlobalIDString = 1B109264A45E3CECBEF12EDD;
			remoteInfo = Animals;
		};
/* End PBXContainerItemProxy section */

/* Begin PBXFileReference section */
		05AA64B36777DB324BE233C7 /* AppDelegate.swift */ = {isa = PBXFileReference; lastKnownFileType = sourcecode.swift; path = AppDelegate.swift; sourceTree = "<group>"; };
		2D23B89C423F7AE018C38A43 /* SceneDelegate.swift */ = {isa = PBXFileReference; lastKnownFileType = sourcecode.swift; path = SceneDelegate.swift; sourceTree = "<group>"; };
		439FD73E72E189F84FB2EF0C /* Pods-AnimalsTests.release.xcconfig */ = {isa = PBXFileReference; includeInIndex = 1; lastKnownFileType = text.xcconfig; name = "Pods-AnimalsTests.release.xcconfig"; path = "Target Support Files/Pods-AnimalsTests/Pods-AnimalsTests.release.xcconfig"; sourceTree = "<group>"; };
		491620F8F203C6454A69EEED /* Assets.xcassets */ = {isa = PBXFileReference; lastKnownFileType = folder.assetcatalog; path = Assets.xcassets; sourceTree = "<group>"; };
		4B70E0C7B3492D8A0265E896 /* Pods-Animals.debug.xcconfig */ = {isa = PBXFileReference; includeInIndex = 1; lastKnownFileType = text.xcconfig; name = "Pods-Animals.debug.xcconfig"; path = "Target Support Files/Pods-Animals/Pods-Animals.debug.xcconfig"; sourceTree = "<group>"; };
		4CA3D4268451402FE8760B00 /* Pods_Animals.framework */ = {isa = PBXFileReference; explicitFileType = wrapper.framework; includeInIndex = 0; path = Pods_Animals.framework; sourceTree = BUILT_PRODUCTS_DIR; };
		7E968B8380B6C2E2FE5B10C4 /* Pods_AnimalsTests.framework */ = {isa = PBXFileReference; explicitFileType = wrapper.framework; includeInIndex = 0; path = Pods_AnimalsTests.framework; sourceTree = BUILT_PRODUCTS_DIR; };
		9FDD757400B32D2AD492E68B /* ViewController.swift */ = {isa = PBXFileReference; lastKnownFileType = sourcecode.swift; path = ViewController.swift; sourceTree = "<group>"; };
		A16CE220A48502A9F2DCB32B /* Animals.app */ = {isa = PBXFileReference; includeInIndex = 0; lastKnownFileType = wrapper.application; path = Animals.app; sourceTree = BUILT_PRODUCTS_DIR; };
		A2938ED758DDF5CD95DAEFE4 /* Base */ = {isa = PBXFileReference; lastKnownFileType = file.storyboard; name = Base; path = Base.lproj/LaunchScreen.storyboard; sourceTree = "<group>"; };
		CDEBB707EFFF8C2B037EA132 /* AnimalsTests.xctest */ = {isa = PBXFileReference; includeInIndex = 0; lastKnownFileType = wrapper.cfbundle; path = AnimalsTests.xctest; sourceTree = BUILT_PRODUCTS_DIR; };
		E206931A78E3E78FF3D926BF /* Info.plist */ = {isa = PBXFileReference; lastKnownFileType = text.plist; path = Info.plist; sourceTree = "<group>"; };
		F4F54519405B1C8EEAB241FF /* AnimalsTests.swift */ = {isa = PBXFileReference; lastKnownFileType = sourcecode.swift; path = AnimalsTests.swift; sourceTree = "<group>"; };
		F78CB5E4B76142DCF22699DD /* Pods-AnimalsTests.debug.xcconfig */ = {isa = PBXFileReference; includeInIndex = 1; lastKnownFileType = text.xcconfig; name = "Pods-AnimalsTests.debug.xcconfig"; path = "Target Support Files/Pods-AnimalsTests/Pods-AnimalsTests.debug.xcconfig"; sourceTree = "<group>"; };
		F999E09C9E0461496A0BA3B4 /* Pods-Animals.release.xcconfig */ = {isa = PBXFileReference; includeInIndex = 1; lastKnownFileType = text.xcconfig; name = "Pods-Animals.release.xcconfig"; path = "Target Support Files/Pods-Animals/Pods-Animals.release.xcconfig"; sourceTree = "<group>"; };
/* End PBXFileReference section */

/* Begin PBXFrameworksBuildPhase section */
		4A16AA637FBDBC7D2E0BD5F6 /* Frameworks */ = {
			isa = PBXFrameworksBuildPhase;
			buildActionMask = 2147483647;
			files = (
				12AB0B17A26BE0762348587E /* Pods_AnimalsTests.framework in Frameworks */,
			);
			runOnlyForDeploymentPostprocessing = 0;
		};
		5D952326DB84249E0C09BCE9 /* Frameworks */ = {
			isa = PBXFrameworksBuildPhase;
			buildActionMask = 2147483647;
			files = (
				C0FC146756882A4014731157 /* Pods_Animals.framework in Frameworks */,
			);
			runOnlyForDeploymentPostprocessing = 0;
		};
/* End PBXFrameworksBuildPhase section */

/* Begin PBXGroup section */
		1CF1915FEBF072DC4D812E93 /* AnimalsTests */ = {
			isa = PBXGroup;
			children = (
				F4F54519405B1C8EEAB241FF /* AnimalsTests.swift */,
			);
			path = AnimalsTests;
			sourceTree = "<group>";
		};
		2ECF15BFC9220E9805762486 /* Products */ = {
			isa = PBXGroup;
			children = (
				A16CE220A48502A9F2DCB32B /* Animals.app */,
				CDEBB707EFFF8C2B037EA132 /* AnimalsTests.xctest */,
			);
			name = Products;
			sourceTree = "<group>";
		};
		56794DE685DB0CD7E6AA97AC = {
			isa = PBXGroup;
			children = (
				EFD7D55B07E392697FF29E44 /* Animals */,
				1CF1915FEBF072DC4D812E93 /* AnimalsTests */,
				2ECF15BFC9220E9805762486 /* Products */,
				B37F3635A54178CF877C110D /* Pods */,
				ADE51A4B59A947386A366FE7 /* Frameworks */,
			);
			sourceTree = "<group>";
		};
		ADE51A4B59A947386A366FE7 /* Frameworks */ = {
			isa = PBXGroup;
			children = (
				4CA3D4268451402FE8760B00 /* Pods_Animals.framework */,
				7E968B8380B6C2E2FE5B10C4 /* Pods_AnimalsTests.framework */,
			);
			name = Frameworks;
			sourceTree = "<group>";
		};
		B37F3635A54178CF877C110D /* Pods */ = {
			isa = PBXGroup;
			children = (
				4B70E0C7B3492D8A0265E896 /* Pods-Animals.debug.xcconfig */,
				F999E09C9E0461496A0BA3B4 /* Pods-Animals.release.xcconfig */,
				F78CB5E4B76142DCF22699DD /* Pods-AnimalsTests.debug.xcconfig */,
				439FD73E72E189F84FB2EF0C /* Pods-AnimalsTests.release.xcconfig */,
			);
			name = Pods;
			path = Pods;
			sourceTree = "<group>";
		};
		EFD7D55B07E392697FF29E44 /* Animals */ = {
			isa = PBXGroup;
			children = (
				05AA64B36777DB324BE233C7 /* AppDelegate.swift */,
				491620F8F203C6454A69EEED /* Assets.xcassets */,
				E206931A78E3E78FF3D926BF /* Info.plist */,
				29E9344772527C3C03758500 /* LaunchScreen.storyboard */,
				2D23B89C423F7AE018C38A43 /* SceneDelegate.swift */,
				9FDD757400B32D2AD492E68B /* ViewController.swift */,
			);
			path = Animals;
			sourceTree = "<group>";
		};
/* End PBXGroup section */

/* Begin PBXNativeTarget section */
		1B109264A45E3CECBEF12EDD /* Animals */ = {
			isa = PBXNativeTarget;
			buildConfigurationList = 9440EC250CF5D5BE24D01E0C /* Build configuration list for PBXNativeTarget "Animals" */;
			buildPhases = (
				2E3174DBB5E22427D46A6BB0 /* [CP] Check Pods Manifest.lock */,
				C9737EB79A93CEBFDC01E757 /* Sources */,
				B73BB9673FB0CB7773FEDEA3 /* Resources */,
				5D952326DB84249E0C09BCE9 /* Frameworks */,
			);
			buildRules = (
			);
			dependencies = (
			);
			name = Animals;
			productName = Animals;
			productReference = A16CE220A48502A9F2DCB32B /* Animals.app */;
			productType = "com.apple.product-type.application";
		};
		281D71042018A07E53DED7D9 /* AnimalsTests */ = {
			isa = PBXNativeTarget;
			buildConfigurationList = 951474C34E242BABFABE624B /* Build configuration list for PBXNativeTarget "AnimalsTests" */;
			buildPhases = (
				04CE40B72833FE3DD7923BE5 /* [CP] Check Pods Manifest.lock */,
				69DC97FFD0E6C13237C90F53 /* Sources */,
				4A16AA637FBDBC7D2E0BD5F6 /* Frameworks */,
			);
			buildRules = (
			);
			dependencies = (
				E5E44E8AC1836EBFC5117B11 /* PBXTargetDependency */,
			);
			name = AnimalsTests;
			productName = AnimalsTests;
			productReference = CDEBB707EFFF8C2B037EA132 /* AnimalsTests.xctest */;
			productType = "com.apple.product-type.bundle.unit-test";
		};
/* End PBXNativeTarget section */

/* Begin PBXProject section */
		435028DB82451835881ECDE9 /* Project object */ = {
			isa = PBXProject;
			attributes = {
				LastUpgradeCheck = 1400;
				TargetAttributes = {
					1B109264A45E3CECBEF12EDD = {
						DevelopmentTeam = "";
					};
				};
			};
			buildConfigurationList = D9260A9C60463C7C0BB2F53D /* Build configuration list for PBXProject "Animals" */;
			compatibilityVersion = "Xcode 11.0";
			developmentRegion = en;
			hasScannedForEncodings = 0;
			knownRegions = (
				Base,
				en,
			);
			mainGroup = 56794DE685DB0CD7E6AA97AC;
			productRefGroup = 2ECF15BFC9220E9805762486 /* Products */;
			projectDirPath = "";
			projectRoot = "";
			targets = (
				1B109264A45E3CECBEF12EDD /* Animals */,
				281D71042018A07E53DED7D9 /* AnimalsTests */,
			);
		};
/* End PBXProject section */

/* Begin PBXResourcesBuildPhase section */
		B73BB9673FB0CB7773FEDEA3 /* Resources */ = {
			isa = PBXResourcesBuildPhase;
			buildActionMask = 2147483647;
			files = (
				C638C7589862ACE807B20FEC /* Assets.xcassets in Resources */,
				DCADBABBA1CCBEF2F5D30E15 /* LaunchScreen.storyboard in Resources */,
			);
			runOnlyForDeploymentPostprocessing = 0;
		};
/* End PBXResourcesBuildPhase section */

/* Begin PBXShellScriptBuildPhase section */
		04CE40B72833FE3DD7923BE5 /* [CP] Check Pods Manifest.lock */ = {
			isa = PBXShellScriptBuildPhase;
			buildActionMask = 2147483647;
			files = (
			);
			inputFileListPaths = (
			);
			inputPaths = (
				"${PODS_PODFILE_DIR_PATH}/Podfile.lock",
				"${PODS_ROOT}/Manifest.lock",
			);
			name = "[CP] Check Pods Manifest.lock";
			outputFileListPaths = (
			);
			outputPaths = (
				"$(DERIVED_FILE_DIR)/Pods-AnimalsTests-checkManifestLockResult.txt",
			);
			runOnlyForDeploymentPostprocessing = 0;
			shellPath = /bin/sh;
			shellScript = "diff \"${PODS_PODFILE_DIR_PATH}/Podfile.lock\" \"${PODS_ROOT}/Manifest.lock\" > /dev/null\nif [ $? != 0 ] ; then\n    # print error to STDERR\n    echo \"error: The sandbox is not in sync with the Podfile.lock. Run 'pod install' or update your CocoaPods installation.\" >&2\n    exit 1\nfi\n# This output is used by Xcode 'outputs' to avoid re-running this script phase.\necho \"SUCCESS\" > \"${SCRIPT_OUTPUT_FILE_0}\"\n";
			showEnvVarsInLog = 0;
		};
		2E3174DBB5E22427D46A6BB0 /* [CP] Check Pods Manifest.lock */ = {
			isa = PBXShellScriptBuildPhase;
			buildActionMask = 2147483647;
			files = (
			);
			inputFileListPaths = (
			);
			inputPaths = (
				"${PODS_PODFILE_DIR_PATH}/Podfile.lock",
				"${PODS_ROOT}/Manifest.lock",
			);
			name = "[CP] Check Pods Manifest.lock";
			outputFileListPaths = (
			);
			outputPaths = (
				"$(DERIVED_FILE_DIR)/Pods-Animals-checkManifestLockResult.txt",
			);
			runOnlyForDeploymentPostprocessing = 0;
			shellPath = /bin/sh;
			shellScript = "diff \"${PODS_PODFILE_DIR_PATH}/Podfile.lock\" \"${PODS_ROOT}/Manifest.lock\" > /dev/null\nif [ $? != 0 ] ; then\n    # print error to STDERR\n    echo \"error: The sandbox is not in sync with the Podfile.lock. Run 'pod install' or update your CocoaPods installation.\" >&2\n    exit 1\nfi\n# This output is used by Xcode 'outputs' to avoid re-running this script phase.\necho \"SUCCESS\" > \"${SCRIPT_OUTPUT_FILE_0}\"\n";
			showEnvVarsInLog = 0;
		};
/* End PBXShellScriptBuildPhase section */

/* Begin PBXSourcesBuildPhase section */
		69DC97FFD0E6C13237C90F53 /* Sources */ = {
			isa = PBXSourcesBuildPhase;
			buildActionMask = 2147483647;
			files = (
				8B7650299AC20B4808256C59 /* AnimalsTests.swift in Sources */,
			);
			runOnlyForDeploymentPostprocessing = 0;
		};
		C9737EB79A93CEBFDC01E757 /* Sources */ = {
			isa = PBXSourcesBuildPhase;
			buildActionMask = 2147483647;
			files = (
				217382F90C765533D15E613B /* AppDelegate.swift in Sources */,
				1177C015B88E12BC82EA7649 /* SceneDelegate.swift in Sources */,
				3AAAE182754692B110A3D4B8 /* ViewController.swift in Sources */,
			);
			runOnlyForDeploymentPostprocessing = 0;
		};
/* End PBXSourcesBuildPhase section */

/* Begin PBXTargetDependency section */
		E5E44E8AC1836EBFC5117B11 /* PBXTargetDependency */ = {
			isa = PBXTargetDependency;
			target = 1B109264A45E3CECBEF12EDD /* Animals */;
			targetProxy = F3AEF0E9E0532AC6BDADDA99 /* PBXContainerItemProxy */;
		};
/* End PBXTargetDependency section */

/* Begin PBXVariantGroup section */
		29E9344772527C3C03758500 /* LaunchScreen.storyboard */ = {
			isa = PBXVariantGroup;
			children = (
				A2938ED758DDF5CD95DAEFE4 /* Base */,
			);
			name = LaunchScreen.storyboard;
			sourceTree = "<group>";
		};
/* End PBXVariantGroup section */

/* Begin XCBuildConfiguration section */
		063E51184099E3185980657F /* Debug */ = {
			isa = XCBuildConfiguration;
			baseConfigurationReference = F78CB5E4B76142DCF22699DD /* Pods-AnimalsTests.debug.xcconfig */;
			buildSettings = {
				BUNDLE_LOADER = "$(TEST_HOST)";
				LD_RUNPATH_SEARCH_PATHS = (
					"$(inherited)",
					"@executable_path/Frameworks",
					"@loader_path/Frameworks",
				);
				SDKROOT = iphoneos;
				TARGETED_DEVICE_FAMILY = "1,2";
				TEST_HOST = "$(BUILT_PRODUCTS_DIR)/Animals.app/Animals";
			};
			name = Debug;
		};
		3CA7D8A93D10ABB5E68DB9D6 /* Debug */ = {
			isa = XCBuildConfiguration;
			buildSettings = {
				ALWAYS_EMBED_SWIFT_STANDARD_LIBRARIES = YES;
				ALWAYS_SEARCH_USER_PATHS = NO;
				ARCHS = "$(ARCHS_STANDARD)";
				CLANG_ANALYZER_NONNULL = YES;
				CLANG_ANALYZER_NUMBER_OBJECT_CONVERSION = YES_AGGRESSIVE;
				CLANG_CXX_LANGUAGE_STANDARD = "gnu++14";
				CLANG_CXX_LIBRARY = "libc++";
				CLANG_ENABLE_MODULES = YES;
				CLANG_ENABLE_OBJC_ARC = YES;
				CLANG_ENABLE_OBJC_WEAK = YES;
				CLANG_WARN_BLOCK_CAPTURE_AUTORELEASING = YES;
				CLANG_WARN_BOOL_CONVERSION = YES;
				CLANG_WARN_COMMA = YES;
				CLANG_WARN_CONSTANT_CONVERSION = YES;
				CLANG_WARN_DEPRECATED_OBJC_IMPLEMENTATIONS = YES;
				CLANG_WARN_DIRECT_OBJC_ISA_USAGE = YES_ERROR;
				CLANG_WARN_DOCUMENTATION_COMMENTS = YES;
				CLANG_WARN_EMPTY_BODY = YES;
				CLANG_WARN_ENUM_CONVERSION = YES;
				CLANG_WARN_INFINITE_RECURSION = YES;
				CLANG_WARN_INT_CONVERSION = YES;
				CLANG_WARN_NON_LITERAL_NULL_CONVERSION = YES;
				CLANG_WARN_OBJC_IMPLICIT_RETAIN_SELF = YES;
				CLANG_WARN_OBJC_LITERAL_CONVERSION = YES;
				CLANG_WARN_OBJC_ROOT_CLASS = YES_ERROR;
				CLANG_WARN_QUOTED_INCLUDE_IN_FRAMEWORK_HEADER = YES;
				CLANG_WARN_RANGE_LOOP_ANALYSIS = YES;
				CLANG_WARN_STRICT_PROTOTYPES = YES;
				CLANG_WARN_SUSPICIOUS_MOVE = YES;
				CLANG_WARN_UNGUARDED_AVAILABILITY = YES_AGGRESSIVE;
				CLANG_WARN_UNREACHABLE_CODE = YES;
				CLANG_WARN__DUPLICATE_METHOD_MATCH = YES;
				CODE_SIGN_IDENTITY = "iPhone Developer";
				COPY_PHASE_STRIP = NO;
				CURRENT_PROJECT_VERSION = 0.0.1;
				DEBUG_INFORMATION_FORMAT = dwarf;
				ENABLE_STRICT_OBJC_MSGSEND = YES;
				ENABLE_TESTABILITY = YES;
				GCC_C_LANGUAGE_STANDARD = gnu11;
				GCC_DYNAMIC_NO_PIC = NO;
				GCC_NO_COMMON_BLOCKS = YES;
				GCC_OPTIMIZATION_LEVEL = 0;
				GCC_PREPROCESSOR_DEFINITIONS = (
					"$(inherited)",
					"DEBUG=1",
				);
				GCC_WARN_64_TO_32_BIT_CONVERSION = YES;
				GCC_WARN_ABOUT_RETURN_TYPE = YES_ERROR;
				GCC_WARN_UNDECLARED_SELECTOR = YES;
				GCC_WARN_UNINITIALIZED_AUTOS = YES_AGGRESSIVE;
				GCC_WARN_UNUSED_FUNCTION = YES;
				GCC_WARN_UNUSED_VARIABLE = YES;
				IPHONEOS_DEPLOYMENT_TARGET = 15.0;
				MARKETING_VERSION = 0.0.1;
				MTL_ENABLE_DEBUG_INFO = INCLUDE_SOURCE;
				MTL_FAST_MATH = YES;
				ONLY_ACTIVE_ARCH = YES;
				PRODUCT_NAME = "$(TARGET_NAME)";
				SDKROOT = iphoneos;
				SWIFT_ACTIVE_COMPILATION_CONDITIONS = DEBUG;
				SWIFT_OPTIMIZATION_LEVEL = "-Onone";
				SWIFT_VERSION = 5.0;
				VERSIONING_SYSTEM = apple.generic;
			};
			name = Debug;
		};
		5792773B64208A351A96E9DA /* Release */ = {
			isa = XCBuildConfiguration;
			baseConfigurationReference = 439FD73E72E189F84FB2EF0C /* Pods-AnimalsTests.release.xcconfig */;
			buildSettings = {
				BUNDLE_LOADER = "$(TEST_HOST)";
				LD_RUNPATH_SEARCH_PATHS = (
					"$(inherited)",
					"@executable_path/Frameworks",
					"@loader_path/Frameworks",
				);
				SDKROOT = iphoneos;
				TARGETED_DEVICE_FAMILY = "1,2";
				TEST_HOST = "$(BUILT_PRODUCTS_DIR)/Animals.app/Animals";
			};
			name = Release;
		};
		746017075286EDD71AC07B8E /* Debug */ = {
			isa = XCBuildConfiguration;
			baseConfigurationReference = 4B70E0C7B3492D8A0265E896 /* Pods-Animals.debug.xcconfig */;
			buildSettings = {
				ASSETCATALOG_COMPILER_APPICON_NAME = AppIcon;
				CODE_SIGNING_STYLE = Manual;
				CODE_SIGN_IDENTITY = "iPhone Developer";
				DEVELOPMENT_TEAM = "";
				GOOGLESERVICE_INFO_PLIST_DIR = Animals/;
				INFOPLIST_FILE = Animals/Info.plist;
				LD_RUNPATH_SEARCH_PATHS = (
					"$(inherited)",
					"@executable_path/Frameworks",
				);
				PRODUCT_BUNDLE_IDENTIFIER = com.programou.Animals;
				PROVISIONING_PROFILE = Wildcard;
				SDKROOT = iphoneos;
				TARGETED_DEVICE_FAMILY = "1,2";
			};
			name = Debug;
		};
		A811E9CE4E7B8A64B425AC5E /* Release */ = {
			isa = XCBuildConfiguration;
			baseConfigurationReference = F999E09C9E0461496A0BA3B4 /* Pods-Animals.release.xcconfig */;
			buildSettings = {
				ASSETCATALOG_COMPILER_APPICON_NAME = AppIcon;
				CODE_SIGNING_STYLE = Manual;
				CODE_SIGN_IDENTITY = "iPhone Developer";
				DEVELOPMENT_TEAM = "";
				GOOGLESERVICE_INFO_PLIST_DIR = Animals/;
				INFOPLIST_FILE = Animals/Info.plist;
				LD_RUNPATH_SEARCH_PATHS = (
					"$(inherited)",
					"@executable_path/Frameworks",
				);
				PRODUCT_BUNDLE_IDENTIFIER = com.programou.Animals;
				PROVISIONING_PROFILE = Wildcard;
				SDKROOT = iphoneos;
				TARGETED_DEVICE_FAMILY = "1,2";
			};
			name = Release;
		};
		DDA568524885B3BBD1A29182 /* Release */ = {
			isa = XCBuildConfiguration;
			buildSettings = {
				ALWAYS_EMBED_SWIFT_STANDARD_LIBRARIES = YES;
				ALWAYS_SEARCH_USER_PATHS = NO;
				ARCHS = "$(ARCHS_STANDARD)";
				CLANG_ANALYZER_NONNULL = YES;
				CLANG_ANALYZER_NUMBER_OBJECT_CONVERSION = YES_AGGRESSIVE;
				CLANG_CXX_LANGUAGE_STANDARD = "gnu++14";
				CLANG_CXX_LIBRARY = "libc++";
				CLANG_ENABLE_MODULES = YES;
				CLANG_ENABLE_OBJC_ARC = YES;
				CLANG_ENABLE_OBJC_WEAK = YES;
				CLANG_WARN_BLOCK_CAPTURE_AUTORELEASING = YES;
				CLANG_WARN_BOOL_CONVERSION = YES;
				CLANG_WARN_COMMA = YES;
				CLANG_WARN_CONSTANT_CONVERSION = YES;
				CLANG_WARN_DEPRECATED_OBJC_IMPLEMENTATIONS = YES;
				CLANG_WARN_DIRECT_OBJC_ISA_USAGE = YES_ERROR;
				CLANG_WARN_DOCUMENTATION_COMMENTS = YES;
				CLANG_WARN_EMPTY_BODY = YES;
				CLANG_WARN_ENUM_CONVERSION = YES;
				CLANG_WARN_INFINITE_RECURSION = YES;
				CLANG_WARN_INT_CONVERSION = YES;
				CLANG_WARN_NON_LITERAL_NULL_CONVERSION = YES;
				CLANG_WARN_OBJC_IMPLICIT_RETAIN_SELF = YES;
				CLANG_WARN_OBJC_LITERAL_CONVERSION = YES;
				CLANG_WARN_OBJC_ROOT_CLASS = YES_ERROR;
				CLANG_WARN_QUOTED_INCLUDE_IN_FRAMEWORK_HEADER = YES;
				CLANG_WARN_RANGE_LOOP_ANALYSIS = YES;
				CLANG_WARN_STRICT_PROTOTYPES = YES;
				CLANG_WARN_SUSPICIOUS_MOVE = YES;
				CLANG_WARN_UNGUARDED_AVAILABILITY = YES_AGGRESSIVE;
				CLANG_WARN_UNREACHABLE_CODE = YES;
				CLANG_WARN__DUPLICATE_METHOD_MATCH = YES;
				CODE_SIGN_IDENTITY = "iPhone Developer";
				COPY_PHASE_STRIP = NO;
				CURRENT_PROJECT_VERSION = 0.0.1;
				DEBUG_INFORMATION_FORMAT = "dwarf-with-dsym";
				ENABLE_NS_ASSERTIONS = NO;
				ENABLE_STRICT_OBJC_MSGSEND = YES;
				GCC_C_LANGUAGE_STANDARD = gnu11;
				GCC_NO_COMMON_BLOCKS = YES;
				GCC_WARN_64_TO_32_BIT_CONVERSION = YES;
				GCC_WARN_ABOUT_RETURN_TYPE = YES_ERROR;
				GCC_WARN_UNDECLARED_SELECTOR = YES;
				GCC_WARN_UNINITIALIZED_AUTOS = YES_AGGRESSIVE;
				GCC_WARN_UNUSED_FUNCTION = YES;
				GCC_WARN_UNUSED_VARIABLE = YES;
				IPHONEOS_DEPLOYMENT_TARGET = 15.0;
				MARKETING_VERSION = 0.0.1;
				MTL_ENABLE_DEBUG_INFO = NO;
				MTL_FAST_MATH = YES;
				PRODUCT_NAME = "$(TARGET_NAME)";
				SDKROOT = iphoneos;
				SWIFT_COMPILATION_MODE = wholemodule;
				SWIFT_OPTIMIZATION_LEVEL = "-O";
				SWIFT_VERSION = 5.0;
				VERSIONING_SYSTEM = apple.generic;
			};
			name = Release;
		};
/* End XCBuildConfiguration section */

/* Begin XCConfigurationList section */
		9440EC250CF5D5BE24D01E0C /* Build configuration list for PBXNativeTarget "Animals" */ = {
			isa = XCConfigurationList;
			buildConfigurations = (
				746017075286EDD71AC07B8E /* Debug */,
				A811E9CE4E7B8A64B425AC5E /* Release */,
			);
			defaultConfigurationIsVisible = 0;
			defaultConfigurationName = Debug;
		};
		951474C34E242BABFABE624B /* Build configuration list for PBXNativeTarget "AnimalsTests" */ = {
			isa = XCConfigurationList;
			buildConfigurations = (
				063E51184099E3185980657F /* Debug */,
				5792773B64208A351A96E9DA /* Release */,
			);
			defaultConfigurationIsVisible = 0;
			defaultConfigurationName = Debug;
		};
		D9260A9C60463C7C0BB2F53D /* Build configuration list for PBXProject "Animals" */ = {
			isa = XCConfigurationList;
			buildConfigurations = (
				3CA7D8A93D10ABB5E68DB9D6 /* Debug */,
				DDA568524885B3BBD1A29182 /* Release */,
			);
			defaultConfigurationIsVisible = 0;
			defaultConfigurationName = Debug;
		};
/* End XCConfigurationList section */
	};
	rootObject = 435028DB82451835881ECDE9 /* Project object */;
}
