// !$*UTF8*$!
{
	archiveVersion = 1;
	classes = {
	};
	objectVersion = 56;
	objects = {

/* Begin PBXBuildFile section */
		B1FE4F8029F7476F00CBFAF9 /* AppDelegate.swift in Sources */ = {isa = PBXBuildFile; fileRef = B1FE4F7F29F7476F00CBFAF9 /* AppDelegate.swift */; };
		B1FE4F8229F7476F00CBFAF9 /* SceneDelegate.swift in Sources */ = {isa = PBXBuildFile; fileRef = B1FE4F8129F7476F00CBFAF9 /* SceneDelegate.swift */; };
		B1FE4F8929F7477100CBFAF9 /* Assets.xcassets in Resources */ = {isa = PBXBuildFile; fileRef = B1FE4F8829F7477100CBFAF9 /* Assets.xcassets */; };
		B1FE4F8C29F7477100CBFAF9 /* LaunchScreen.storyboard in Resources */ = {isa = PBXBuildFile; fileRef = B1FE4F8A29F7477100CBFAF9 /* LaunchScreen.storyboard */; };
		B1FE4F9729F7477100CBFAF9 /* AnimalsTests.swift in Sources */ = {isa = PBXBuildFile; fileRef = B1FE4F9629F7477100CBFAF9 /* AnimalsTests.swift */; };
		B1FE4FA129F7477100CBFAF9 /* AnimalsUITests.swift in Sources */ = {isa = PBXBuildFile; fileRef = B1FE4FA029F7477100CBFAF9 /* AnimalsUITests.swift */; };
		B1FE4FA329F7477100CBFAF9 /* AnimalsUITestsLaunchTests.swift in Sources */ = {isa = PBXBuildFile; fileRef = B1FE4FA229F7477100CBFAF9 /* AnimalsUITestsLaunchTests.swift */; };
/* End PBXBuildFile section */

/* Begin PBXContainerItemProxy section */
		B1FE4F9329F7477100CBFAF9 /* PBXContainerItemProxy */ = {
			isa = PBXContainerItemProxy;
			containerPortal = B1FE4F7429F7476F00CBFAF9 /* Project object */;
			proxyType = 1;
			remoteGlobalIDString = B1FE4F7B29F7476F00CBFAF9;
			remoteInfo = Animals;
		};
		B1FE4F9D29F7477100CBFAF9 /* PBXContainerItemProxy */ = {
			isa = PBXContainerItemProxy;
			containerPortal = B1FE4F7429F7476F00CBFAF9 /* Project object */;
			proxyType = 1;
			remoteGlobalIDString = B1FE4F7B29F7476F00CBFAF9;
			remoteInfo = Animals;
		};
/* End PBXContainerItemProxy section */

/* Begin PBXFileReference section */
		B1FE4F7C29F7476F00CBFAF9 /* Animals.app */ = {isa = PBXFileReference; explicitFileType = wrapper.application; includeInIndex = 0; path = Animals.app; sourceTree = BUILT_PRODUCTS_DIR; };
		B1FE4F7F29F7476F00CBFAF9 /* AppDelegate.swift */ = {isa = PBXFileReference; lastKnownFileType = sourcecode.swift; path = AppDelegate.swift; sourceTree = "<group>"; };
		B1FE4F8129F7476F00CBFAF9 /* SceneDelegate.swift */ = {isa = PBXFileReference; lastKnownFileType = sourcecode.swift; path = SceneDelegate.swift; sourceTree = "<group>"; };
		B1FE4F8829F7477100CBFAF9 /* Assets.xcassets */ = {isa = PBXFileReference; lastKnownFileType = folder.assetcatalog; path = Assets.xcassets; sourceTree = "<group>"; };
		B1FE4F8B29F7477100CBFAF9 /* Base */ = {isa = PBXFileReference; lastKnownFileType = file.storyboard; name = Base; path = Base.lproj/LaunchScreen.storyboard; sourceTree = "<group>"; };
		B1FE4F8D29F7477100CBFAF9 /* Info.plist */ = {isa = PBXFileReference; lastKnownFileType = text.plist.xml; path = Info.plist; sourceTree = "<group>"; };
		B1FE4F9229F7477100CBFAF9 /* AnimalsTests.xctest */ = {isa = PBXFileReference; explicitFileType = wrapper.cfbundle; includeInIndex = 0; path = AnimalsTests.xctest; sourceTree = BUILT_PRODUCTS_DIR; };
		B1FE4F9629F7477100CBFAF9 /* AnimalsTests.swift */ = {isa = PBXFileReference; lastKnownFileType = sourcecode.swift; path = AnimalsTests.swift; sourceTree = "<group>"; };
		B1FE4F9C29F7477100CBFAF9 /* AnimalsUITests.xctest */ = {isa = PBXFileReference; explicitFileType = wrapper.cfbundle; includeInIndex = 0; path = AnimalsUITests.xctest; sourceTree = BUILT_PRODUCTS_DIR; };
		B1FE4FA029F7477100CBFAF9 /* AnimalsUITests.swift */ = {isa = PBXFileReference; lastKnownFileType = sourcecode.swift; path = AnimalsUITests.swift; sourceTree = "<group>"; };
		B1FE4FA229F7477100CBFAF9 /* AnimalsUITestsLaunchTests.swift */ = {isa = PBXFileReference; lastKnownFileType = sourcecode.swift; path = AnimalsUITestsLaunchTests.swift; sourceTree = "<group>"; };
/* End PBXFileReference section */

/* Begin PBXFrameworksBuildPhase section */
		B1FE4F7929F7476F00CBFAF9 /* Frameworks */ = {
			isa = PBXFrameworksBuildPhase;
			buildActionMask = 2147483647;
			files = (
			);
			runOnlyForDeploymentPostprocessing = 0;
		};
		B1FE4F8F29F7477100CBFAF9 /* Frameworks */ = {
			isa = PBXFrameworksBuildPhase;
			buildActionMask = 2147483647;
			files = (
			);
			runOnlyForDeploymentPostprocessing = 0;
		};
		B1FE4F9929F7477100CBFAF9 /* Frameworks */ = {
			isa = PBXFrameworksBuildPhase;
			buildActionMask = 2147483647;
			files = (
			);
			runOnlyForDeploymentPostprocessing = 0;
		};
/* End PBXFrameworksBuildPhase section */

/* Begin PBXGroup section */
		B1FE4F7329F7476F00CBFAF9 = {
			isa = PBXGroup;
			children = (
				B1FE4F7E29F7476F00CBFAF9 /* Animals */,
				B1FE4F9529F7477100CBFAF9 /* AnimalsTests */,
				B1FE4F9F29F7477100CBFAF9 /* AnimalsUITests */,
				B1FE4F7D29F7476F00CBFAF9 /* Products */,
			);
			sourceTree = "<group>";
		};
		B1FE4F7D29F7476F00CBFAF9 /* Products */ = {
			isa = PBXGroup;
			children = (
				B1FE4F7C29F7476F00CBFAF9 /* Animals.app */,
				B1FE4F9229F7477100CBFAF9 /* AnimalsTests.xctest */,
				B1FE4F9C29F7477100CBFAF9 /* AnimalsUITests.xctest */,
			);
			name = Products;
			sourceTree = "<group>";
		};
		B1FE4F7E29F7476F00CBFAF9 /* Animals */ = {
			isa = PBXGroup;
			children = (
				B1FE4F7F29F7476F00CBFAF9 /* AppDelegate.swift */,
				B1FE4F8129F7476F00CBFAF9 /* SceneDelegate.swift */,
				B1FE4F8829F7477100CBFAF9 /* Assets.xcassets */,
				B1FE4F8A29F7477100CBFAF9 /* LaunchScreen.storyboard */,
				B1FE4F8D29F7477100CBFAF9 /* Info.plist */,
			);
			path = Animals;
			sourceTree = "<group>";
		};
		B1FE4F9529F7477100CBFAF9 /* AnimalsTests */ = {
			isa = PBXGroup;
			children = (
				B1FE4F9629F7477100CBFAF9 /* AnimalsTests.swift */,
			);
			path = AnimalsTests;
			sourceTree = "<group>";
		};
		B1FE4F9F29F7477100CBFAF9 /* AnimalsUITests */ = {
			isa = PBXGroup;
			children = (
				B1FE4FA029F7477100CBFAF9 /* AnimalsUITests.swift */,
				B1FE4FA229F7477100CBFAF9 /* AnimalsUITestsLaunchTests.swift */,
			);
			path = AnimalsUITests;
			sourceTree = "<group>";
		};
/* End PBXGroup section */

/* Begin PBXNativeTarget section */
		B1FE4F7B29F7476F00CBFAF9 /* Animals */ = {
			isa = PBXNativeTarget;
			buildConfigurationList = B1FE4FA629F7477100CBFAF9 /* Build configuration list for PBXNativeTarget "Animals" */;
			buildPhases = (
				B1FE4F7829F7476F00CBFAF9 /* Sources */,
				B1FE4F7929F7476F00CBFAF9 /* Frameworks */,
				B1FE4F7A29F7476F00CBFAF9 /* Resources */,
			);
			buildRules = (
			);
			dependencies = (
			);
			name = Animals;
			productName = Animals;
			productReference = B1FE4F7C29F7476F00CBFAF9 /* Animals.app */;
			productType = "com.apple.product-type.application";
		};
		B1FE4F9129F7477100CBFAF9 /* AnimalsTests */ = {
			isa = PBXNativeTarget;
			buildConfigurationList = B1FE4FA929F7477100CBFAF9 /* Build configuration list for PBXNativeTarget "AnimalsTests" */;
			buildPhases = (
				B1FE4F8E29F7477100CBFAF9 /* Sources */,
				B1FE4F8F29F7477100CBFAF9 /* Frameworks */,
				B1FE4F9029F7477100CBFAF9 /* Resources */,
			);
			buildRules = (
			);
			dependencies = (
				B1FE4F9429F7477100CBFAF9 /* PBXTargetDependency */,
			);
			name = AnimalsTests;
			productName = AnimalsTests;
			productReference = B1FE4F9229F7477100CBFAF9 /* AnimalsTests.xctest */;
			productType = "com.apple.product-type.bundle.unit-test";
		};
		B1FE4F9B29F7477100CBFAF9 /* AnimalsUITests */ = {
			isa = PBXNativeTarget;
			buildConfigurationList = B1FE4FAC29F7477100CBFAF9 /* Build configuration list for PBXNativeTarget "AnimalsUITests" */;
			buildPhases = (
				B1FE4F9829F7477100CBFAF9 /* Sources */,
				B1FE4F9929F7477100CBFAF9 /* Frameworks */,
				B1FE4F9A29F7477100CBFAF9 /* Resources */,
			);
			buildRules = (
			);
			dependencies = (
				B1FE4F9E29F7477100CBFAF9 /* PBXTargetDependency */,
			);
			name = AnimalsUITests;
			productName = AnimalsUITests;
			productReference = B1FE4F9C29F7477100CBFAF9 /* AnimalsUITests.xctest */;
			productType = "com.apple.product-type.bundle.ui-testing";
		};
/* End PBXNativeTarget section */

/* Begin PBXProject section */
		B1FE4F7429F7476F00CBFAF9 /* Project object */ = {
			isa = PBXProject;
			attributes = {
				BuildIndependentTargetsInParallel = 1;
				LastSwiftUpdateCheck = 1400;
				LastUpgradeCheck = 1400;
				TargetAttributes = {
					B1FE4F7B29F7476F00CBFAF9 = {
						CreatedOnToolsVersion = 14.0.1;
					};
					B1FE4F9129F7477100CBFAF9 = {
						CreatedOnToolsVersion = 14.0.1;
						TestTargetID = B1FE4F7B29F7476F00CBFAF9;
					};
					B1FE4F9B29F7477100CBFAF9 = {
						CreatedOnToolsVersion = 14.0.1;
						TestTargetID = B1FE4F7B29F7476F00CBFAF9;
					};
				};
			};
			buildConfigurationList = B1FE4F7729F7476F00CBFAF9 /* Build configuration list for PBXProject "Animals" */;
			compatibilityVersion = "Xcode 14.0";
			developmentRegion = en;
			hasScannedForEncodings = 0;
			knownRegions = (
				en,
				Base,
			);
			mainGroup = B1FE4F7329F7476F00CBFAF9;
			productRefGroup = B1FE4F7D29F7476F00CBFAF9 /* Products */;
			projectDirPath = "";
			projectRoot = "";
			targets = (
				B1FE4F7B29F7476F00CBFAF9 /* Animals */,
				B1FE4F9129F7477100CBFAF9 /* AnimalsTests */,
				B1FE4F9B29F7477100CBFAF9 /* AnimalsUITests */,
			);
		};
/* End PBXProject section */

/* Begin PBXResourcesBuildPhase section */
		B1FE4F7A29F7476F00CBFAF9 /* Resources */ = {
			isa = PBXResourcesBuildPhase;
			buildActionMask = 2147483647;
			files = (
				B1FE4F8C29F7477100CBFAF9 /* LaunchScreen.storyboard in Resources */,
				B1FE4F8929F7477100CBFAF9 /* Assets.xcassets in Resources */,
			);
			runOnlyForDeploymentPostprocessing = 0;
		};
		B1FE4F9029F7477100CBFAF9 /* Resources */ = {
			isa = PBXResourcesBuildPhase;
			buildActionMask = 2147483647;
			files = (
			);
			runOnlyForDeploymentPostprocessing = 0;
		};
		B1FE4F9A29F7477100CBFAF9 /* Resources */ = {
			isa = PBXResourcesBuildPhase;
			buildActionMask = 2147483647;
			files = (
			);
			runOnlyForDeploymentPostprocessing = 0;
		};
/* End PBXResourcesBuildPhase section */

/* Begin PBXSourcesBuildPhase section */
		B1FE4F7829F7476F00CBFAF9 /* Sources */ = {
			isa = PBXSourcesBuildPhase;
			buildActionMask = 2147483647;
			files = (
				B1FE4F8029F7476F00CBFAF9 /* AppDelegate.swift in Sources */,
				B1FE4F8229F7476F00CBFAF9 /* SceneDelegate.swift in Sources */,
			);
			runOnlyForDeploymentPostprocessing = 0;
		};
		B1FE4F8E29F7477100CBFAF9 /* Sources */ = {
			isa = PBXSourcesBuildPhase;
			buildActionMask = 2147483647;
			files = (
				B1FE4F9729F7477100CBFAF9 /* AnimalsTests.swift in Sources */,
			);
			runOnlyForDeploymentPostprocessing = 0;
		};
		B1FE4F9829F7477100CBFAF9 /* Sources */ = {
			isa = PBXSourcesBuildPhase;
			buildActionMask = 2147483647;
			files = (
				B1FE4FA329F7477100CBFAF9 /* AnimalsUITestsLaunchTests.swift in Sources */,
				B1FE4FA129F7477100CBFAF9 /* AnimalsUITests.swift in Sources */,
			);
			runOnlyForDeploymentPostprocessing = 0;
		};
/* End PBXSourcesBuildPhase section */

/* Begin PBXTargetDependency section */
		B1FE4F9429F7477100CBFAF9 /* PBXTargetDependency */ = {
			isa = PBXTargetDependency;
			target = B1FE4F7B29F7476F00CBFAF9 /* Animals */;
			targetProxy = B1FE4F9329F7477100CBFAF9 /* PBXContainerItemProxy */;
		};
		B1FE4F9E29F7477100CBFAF9 /* PBXTargetDependency */ = {
			isa = PBXTargetDependency;
			target = B1FE4F7B29F7476F00CBFAF9 /* Animals */;
			targetProxy = B1FE4F9D29F7477100CBFAF9 /* PBXContainerItemProxy */;
		};
/* End PBXTargetDependency section */

/* Begin PBXVariantGroup section */
		B1FE4F8A29F7477100CBFAF9 /* LaunchScreen.storyboard */ = {
			isa = PBXVariantGroup;
			children = (
				B1FE4F8B29F7477100CBFAF9 /* Base */,
			);
			name = LaunchScreen.storyboard;
			sourceTree = "<group>";
		};
/* End PBXVariantGroup section */

/* Begin XCBuildConfiguration section */
		B1FE4FA429F7477100CBFAF9 /* Debug */ = {
			isa = XCBuildConfiguration;
			buildSettings = {
				ALWAYS_SEARCH_USER_PATHS = NO;
				CLANG_ANALYZER_NONNULL = YES;
				CLANG_ANALYZER_NUMBER_OBJECT_CONVERSION = YES_AGGRESSIVE;
				CLANG_CXX_LANGUAGE_STANDARD = "gnu++20";
				CLANG_ENABLE_MODULES = YES;
				CLANG_ENABLE_OBJC_ARC = YES;
				CLANG_ENABLE_OBJC_WEAK = YES;
				CLANG_WARN_BLOCK_CAPTURE_AUTORELEASING = YES;
				CLANG_WARN_BOOL_CONVERSION = YES;
				CLANG_WARN_COMMA = YES;
				CLANG_WARN_CONSTANT_CONVERSION = YES;
				CLANG_WARN_DEPRECATED_OBJC_IMPLEMENTATIONS = YES;
				CLANG_WARN_DIRECT_OBJC_ISA_USAGE = YES_ERROR;
				CLANG_WARN_DOCUMENTATION_COMMENTS = YES;
				CLANG_WARN_EMPTY_BODY = YES;
				CLANG_WARN_ENUM_CONVERSION = YES;
				CLANG_WARN_INFINITE_RECURSION = YES;
				CLANG_WARN_INT_CONVERSION = YES;
				CLANG_WARN_NON_LITERAL_NULL_CONVERSION = YES;
				CLANG_WARN_OBJC_IMPLICIT_RETAIN_SELF = YES;
				CLANG_WARN_OBJC_LITERAL_CONVERSION = YES;
				CLANG_WARN_OBJC_ROOT_CLASS = YES_ERROR;
				CLANG_WARN_QUOTED_INCLUDE_IN_FRAMEWORK_HEADER = YES;
				CLANG_WARN_RANGE_LOOP_ANALYSIS = YES;
				CLANG_WARN_STRICT_PROTOTYPES = YES;
				CLANG_WARN_SUSPICIOUS_MOVE = YES;
				CLANG_WARN_UNGUARDED_AVAILABILITY = YES_AGGRESSIVE;
				CLANG_WARN_UNREACHABLE_CODE = YES;
				CLANG_WARN__DUPLICATE_METHOD_MATCH = YES;
				COPY_PHASE_STRIP = NO;
				DEBUG_INFORMATION_FORMAT = dwarf;
				ENABLE_STRICT_OBJC_MSGSEND = YES;
				ENABLE_TESTABILITY = YES;
				GCC_C_LANGUAGE_STANDARD = gnu11;
				GCC_DYNAMIC_NO_PIC = NO;
				GCC_NO_COMMON_BLOCKS = YES;
				GCC_OPTIMIZATION_LEVEL = 0;
				GCC_PREPROCESSOR_DEFINITIONS = (
					"DEBUG=1",
					"$(inherited)",
				);
				GCC_WARN_64_TO_32_BIT_CONVERSION = YES;
				GCC_WARN_ABOUT_RETURN_TYPE = YES_ERROR;
				GCC_WARN_UNDECLARED_SELECTOR = YES;
				GCC_WARN_UNINITIALIZED_AUTOS = YES_AGGRESSIVE;
				GCC_WARN_UNUSED_FUNCTION = YES;
				GCC_WARN_UNUSED_VARIABLE = YES;
				IPHONEOS_DEPLOYMENT_TARGET = 16.0;
				MTL_ENABLE_DEBUG_INFO = INCLUDE_SOURCE;
				MTL_FAST_MATH = YES;
				ONLY_ACTIVE_ARCH = YES;
				SDKROOT = iphoneos;
				SWIFT_ACTIVE_COMPILATION_CONDITIONS = DEBUG;
				SWIFT_OPTIMIZATION_LEVEL = "-Onone";
			};
			name = Debug;
		};
		B1FE4FA529F7477100CBFAF9 /* Release */ = {
			isa = XCBuildConfiguration;
			buildSettings = {
				ALWAYS_SEARCH_USER_PATHS = NO;
				CLANG_ANALYZER_NONNULL = YES;
				CLANG_ANALYZER_NUMBER_OBJECT_CONVERSION = YES_AGGRESSIVE;
				CLANG_CXX_LANGUAGE_STANDARD = "gnu++20";
				CLANG_ENABLE_MODULES = YES;
				CLANG_ENABLE_OBJC_ARC = YES;
				CLANG_ENABLE_OBJC_WEAK = YES;
				CLANG_WARN_BLOCK_CAPTURE_AUTORELEASING = YES;
				CLANG_WARN_BOOL_CONVERSION = YES;
				CLANG_WARN_COMMA = YES;
				CLANG_WARN_CONSTANT_CONVERSION = YES;
				CLANG_WARN_DEPRECATED_OBJC_IMPLEMENTATIONS = YES;
				CLANG_WARN_DIRECT_OBJC_ISA_USAGE = YES_ERROR;
				CLANG_WARN_DOCUMENTATION_COMMENTS = YES;
				CLANG_WARN_EMPTY_BODY = YES;
				CLANG_WARN_ENUM_CONVERSION = YES;
				CLANG_WARN_INFINITE_RECURSION = YES;
				CLANG_WARN_INT_CONVERSION = YES;
				CLANG_WARN_NON_LITERAL_NULL_CONVERSION = YES;
				CLANG_WARN_OBJC_IMPLICIT_RETAIN_SELF = YES;
				CLANG_WARN_OBJC_LITERAL_CONVERSION = YES;
				CLANG_WARN_OBJC_ROOT_CLASS = YES_ERROR;
				CLANG_WARN_QUOTED_INCLUDE_IN_FRAMEWORK_HEADER = YES;
				CLANG_WARN_RANGE_LOOP_ANALYSIS = YES;
				CLANG_WARN_STRICT_PROTOTYPES = YES;
				CLANG_WARN_SUSPICIOUS_MOVE = YES;
				CLANG_WARN_UNGUARDED_AVAILABILITY = YES_AGGRESSIVE;
				CLANG_WARN_UNREACHABLE_CODE = YES;
				CLANG_WARN__DUPLICATE_METHOD_MATCH = YES;
				COPY_PHASE_STRIP = NO;
				DEBUG_INFORMATION_FORMAT = "dwarf-with-dsym";
				ENABLE_NS_ASSERTIONS = NO;
				ENABLE_STRICT_OBJC_MSGSEND = YES;
				GCC_C_LANGUAGE_STANDARD = gnu11;
				GCC_NO_COMMON_BLOCKS = YES;
				GCC_WARN_64_TO_32_BIT_CONVERSION = YES;
				GCC_WARN_ABOUT_RETURN_TYPE = YES_ERROR;
				GCC_WARN_UNDECLARED_SELECTOR = YES;
				GCC_WARN_UNINITIALIZED_AUTOS = YES_AGGRESSIVE;
				GCC_WARN_UNUSED_FUNCTION = YES;
				GCC_WARN_UNUSED_VARIABLE = YES;
				IPHONEOS_DEPLOYMENT_TARGET = 16.0;
				MTL_ENABLE_DEBUG_INFO = NO;
				MTL_FAST_MATH = YES;
				SDKROOT = iphoneos;
				SWIFT_COMPILATION_MODE = wholemodule;
				SWIFT_OPTIMIZATION_LEVEL = "-O";
				VALIDATE_PRODUCT = YES;
			};
			name = Release;
		};
		B1FE4FA729F7477100CBFAF9 /* Debug */ = {
			isa = XCBuildConfiguration;
			buildSettings = {
				ASSETCATALOG_COMPILER_APPICON_NAME = AppIcon;
				ASSETCATALOG_COMPILER_GLOBAL_ACCENT_COLOR_NAME = AccentColor;
				CODE_SIGN_STYLE = Automatic;
				CURRENT_PROJECT_VERSION = 1;
				DEVELOPMENT_TEAM = Y487CY958A;
				GENERATE_INFOPLIST_FILE = YES;
				INFOPLIST_FILE = Animals/Info.plist;
				INFOPLIST_KEY_CFBundleDisplayName = Animals;
				INFOPLIST_KEY_LSApplicationCategoryType = "public.app-category.lifestyle";
				INFOPLIST_KEY_UIApplicationSupportsIndirectInputEvents = YES;
				INFOPLIST_KEY_UILaunchStoryboardName = LaunchScreen.storyboard;
				INFOPLIST_KEY_UISupportedInterfaceOrientations_iPad = "UIInterfaceOrientationPortrait UIInterfaceOrientationPortraitUpsideDown UIInterfaceOrientationLandscapeLeft UIInterfaceOrientationLandscapeRight";
				INFOPLIST_KEY_UISupportedInterfaceOrientations_iPhone = "UIInterfaceOrientationPortrait UIInterfaceOrientationLandscapeLeft UIInterfaceOrientationLandscapeRight";
				LD_RUNPATH_SEARCH_PATHS = (
					"$(inherited)",
					"@executable_path/Frameworks",
				);
				MARKETING_VERSION = 1.0;
				PRODUCT_BUNDLE_IDENTIFIER = com.programou.Animals;
				PRODUCT_NAME = "$(TARGET_NAME)";
				SWIFT_EMIT_LOC_STRINGS = YES;
				SWIFT_VERSION = 5.0;
				TARGETED_DEVICE_FAMILY = "1,2";
			};
			name = Debug;
		};
		B1FE4FA829F7477100CBFAF9 /* Release */ = {
			isa = XCBuildConfiguration;
			buildSettings = {
				ASSETCATALOG_COMPILER_APPICON_NAME = AppIcon;
				ASSETCATALOG_COMPILER_GLOBAL_ACCENT_COLOR_NAME = AccentColor;
				CODE_SIGN_STYLE = Automatic;
				CURRENT_PROJECT_VERSION = 1;
				DEVELOPMENT_TEAM = Y487CY958A;
				GENERATE_INFOPLIST_FILE = YES;
				INFOPLIST_FILE = Animals/Info.plist;
				INFOPLIST_KEY_CFBundleDisplayName = Animals;
				INFOPLIST_KEY_LSApplicationCategoryType = "public.app-category.lifestyle";
				INFOPLIST_KEY_UIApplicationSupportsIndirectInputEvents = YES;
				INFOPLIST_KEY_UILaunchStoryboardName = LaunchScreen.storyboard;
				INFOPLIST_KEY_UISupportedInterfaceOrientations_iPad = "UIInterfaceOrientationPortrait UIInterfaceOrientationPortraitUpsideDown UIInterfaceOrientationLandscapeLeft UIInterfaceOrientationLandscapeRight";
				INFOPLIST_KEY_UISupportedInterfaceOrientations_iPhone = "UIInterfaceOrientationPortrait UIInterfaceOrientationLandscapeLeft UIInterfaceOrientationLandscapeRight";
				LD_RUNPATH_SEARCH_PATHS = (
					"$(inherited)",
					"@executable_path/Frameworks",
				);
				MARKETING_VERSION = 1.0;
				PRODUCT_BUNDLE_IDENTIFIER = com.programou.Animals;
				PRODUCT_NAME = "$(TARGET_NAME)";
				SWIFT_EMIT_LOC_STRINGS = YES;
				SWIFT_VERSION = 5.0;
				TARGETED_DEVICE_FAMILY = "1,2";
			};
			name = Release;
		};
		B1FE4FAA29F7477100CBFAF9 /* Debug */ = {
			isa = XCBuildConfiguration;
			buildSettings = {
				ALWAYS_EMBED_SWIFT_STANDARD_LIBRARIES = YES;
				BUNDLE_LOADER = "$(TEST_HOST)";
				CODE_SIGN_STYLE = Automatic;
				CURRENT_PROJECT_VERSION = 1;
				DEVELOPMENT_TEAM = Y487CY958A;
				GENERATE_INFOPLIST_FILE = YES;
				IPHONEOS_DEPLOYMENT_TARGET = 16.0;
				MARKETING_VERSION = 1.0;
				PRODUCT_BUNDLE_IDENTIFIER = com.programou.AnimalsTests;
				PRODUCT_NAME = "$(TARGET_NAME)";
				SWIFT_EMIT_LOC_STRINGS = NO;
				SWIFT_VERSION = 5.0;
				TARGETED_DEVICE_FAMILY = "1,2";
				TEST_HOST = "$(BUILT_PRODUCTS_DIR)/Animals.app/$(BUNDLE_EXECUTABLE_FOLDER_PATH)/Animals";
			};
			name = Debug;
		};
		B1FE4FAB29F7477100CBFAF9 /* Release */ = {
			isa = XCBuildConfiguration;
			buildSettings = {
				ALWAYS_EMBED_SWIFT_STANDARD_LIBRARIES = YES;
				BUNDLE_LOADER = "$(TEST_HOST)";
				CODE_SIGN_STYLE = Automatic;
				CURRENT_PROJECT_VERSION = 1;
				DEVELOPMENT_TEAM = Y487CY958A;
				GENERATE_INFOPLIST_FILE = YES;
				IPHONEOS_DEPLOYMENT_TARGET = 16.0;
				MARKETING_VERSION = 1.0;
				PRODUCT_BUNDLE_IDENTIFIER = com.programou.AnimalsTests;
				PRODUCT_NAME = "$(TARGET_NAME)";
				SWIFT_EMIT_LOC_STRINGS = NO;
				SWIFT_VERSION = 5.0;
				TARGETED_DEVICE_FAMILY = "1,2";
				TEST_HOST = "$(BUILT_PRODUCTS_DIR)/Animals.app/$(BUNDLE_EXECUTABLE_FOLDER_PATH)/Animals";
			};
			name = Release;
		};
		B1FE4FAD29F7477100CBFAF9 /* Debug */ = {
			isa = XCBuildConfiguration;
			buildSettings = {
				ALWAYS_EMBED_SWIFT_STANDARD_LIBRARIES = YES;
				CODE_SIGN_STYLE = Automatic;
				CURRENT_PROJECT_VERSION = 1;
				DEVELOPMENT_TEAM = Y487CY958A;
				GENERATE_INFOPLIST_FILE = YES;
				MARKETING_VERSION = 1.0;
				PRODUCT_BUNDLE_IDENTIFIER = com.programou.AnimalsUITests;
				PRODUCT_NAME = "$(TARGET_NAME)";
				SWIFT_EMIT_LOC_STRINGS = NO;
				SWIFT_VERSION = 5.0;
				TARGETED_DEVICE_FAMILY = "1,2";
				TEST_TARGET_NAME = Animals;
			};
			name = Debug;
		};
		B1FE4FAE29F7477100CBFAF9 /* Release */ = {
			isa = XCBuildConfiguration;
			buildSettings = {
				ALWAYS_EMBED_SWIFT_STANDARD_LIBRARIES = YES;
				CODE_SIGN_STYLE = Automatic;
				CURRENT_PROJECT_VERSION = 1;
				DEVELOPMENT_TEAM = Y487CY958A;
				GENERATE_INFOPLIST_FILE = YES;
				MARKETING_VERSION = 1.0;
				PRODUCT_BUNDLE_IDENTIFIER = com.programou.AnimalsUITests;
				PRODUCT_NAME = "$(TARGET_NAME)";
				SWIFT_EMIT_LOC_STRINGS = NO;
				SWIFT_VERSION = 5.0;
				TARGETED_DEVICE_FAMILY = "1,2";
				TEST_TARGET_NAME = Animals;
			};
			name = Release;
		};
/* End XCBuildConfiguration section */

/* Begin XCConfigurationList section */
		B1FE4F7729F7476F00CBFAF9 /* Build configuration list for PBXProject "Animals" */ = {
			isa = XCConfigurationList;
			buildConfigurations = (
				B1FE4FA429F7477100CBFAF9 /* Debug */,
				B1FE4FA529F7477100CBFAF9 /* Release */,
			);
			defaultConfigurationIsVisible = 0;
			defaultConfigurationName = Release;
		};
		B1FE4FA629F7477100CBFAF9 /* Build configuration list for PBXNativeTarget "Animals" */ = {
			isa = XCConfigurationList;
			buildConfigurations = (
				B1FE4FA729F7477100CBFAF9 /* Debug */,
				B1FE4FA829F7477100CBFAF9 /* Release */,
			);
			defaultConfigurationIsVisible = 0;
			defaultConfigurationName = Release;
		};
		B1FE4FA929F7477100CBFAF9 /* Build configuration list for PBXNativeTarget "AnimalsTests" */ = {
			isa = XCConfigurationList;
			buildConfigurations = (
				B1FE4FAA29F7477100CBFAF9 /* Debug */,
				B1FE4FAB29F7477100CBFAF9 /* Release */,
			);
			defaultConfigurationIsVisible = 0;
			defaultConfigurationName = Release;
		};
		B1FE4FAC29F7477100CBFAF9 /* Build configuration list for PBXNativeTarget "AnimalsUITests" */ = {
			isa = XCConfigurationList;
			buildConfigurations = (
				B1FE4FAD29F7477100CBFAF9 /* Debug */,
				B1FE4FAE29F7477100CBFAF9 /* Release */,
			);
			defaultConfigurationIsVisible = 0;
			defaultConfigurationName = Release;
		};
/* End XCConfigurationList section */
	};
	rootObject = B1FE4F7429F7476F00CBFAF9 /* Project object */;
}
